// !$*UTF8*$!
{
	archiveVersion = 1;
	classes = {
	};
	objectVersion = 50;
	objects = {

/* Begin PBXBuildFile section */
		A6163AF3233E67F60011BCFE /* Default-568h@2x.png in Resources */ = {isa = PBXBuildFile; fileRef = A6163AF2233E67F60011BCFE /* Default-568h@2x.png */; };
		A6163AF7233E68420011BCFE /* Info.plist in Resources */ = {isa = PBXBuildFile; fileRef = A6163AF6233E68420011BCFE /* Info.plist */; };
		A6D5FE2423392637000E0B91 /* AppDelegate.swift in Sources */ = {isa = PBXBuildFile; fileRef = A6D5FE2323392637000E0B91 /* AppDelegate.swift */; };
		A6D5FE2923392637000E0B91 /* Main.storyboard in Resources */ = {isa = PBXBuildFile; fileRef = A6D5FE2723392637000E0B91 /* Main.storyboard */; };
		A6D5FE2B23392638000E0B91 /* Assets.xcassets in Resources */ = {isa = PBXBuildFile; fileRef = A6D5FE2A23392638000E0B91 /* Assets.xcassets */; };
		A6D5FE2E23392638000E0B91 /* LaunchScreen.storyboard in Resources */ = {isa = PBXBuildFile; fileRef = A6D5FE2C23392638000E0B91 /* LaunchScreen.storyboard */; };
		A6D5FE3723393183000E0B91 /* Employee.swift in Sources */ = {isa = PBXBuildFile; fileRef = A6D5FE3623393183000E0B91 /* Employee.swift */; };
		A6D5FE3A233931BC000E0B91 /* CalculateViewController.swift in Sources */ = {isa = PBXBuildFile; fileRef = A6D5FE39233931BC000E0B91 /* CalculateViewController.swift */; };
		A6D5FE3D233931E7000E0B91 /* EmployeeTableViewController.swift in Sources */ = {isa = PBXBuildFile; fileRef = A6D5FE3C233931E7000E0B91 /* EmployeeTableViewController.swift */; };
		A6D5FE3F233936C7000E0B91 /* EmployeeController.swift in Sources */ = {isa = PBXBuildFile; fileRef = A6D5FE3E233936C7000E0B91 /* EmployeeController.swift */; };
		A6D5FE46233938CD000E0B91 /* EmployeeTableViewCell.swift in Sources */ = {isa = PBXBuildFile; fileRef = A6D5FE45233938CD000E0B91 /* EmployeeTableViewCell.swift */; };
		A6D5FE49233938F7000E0B91 /* AddTableViewController.swift in Sources */ = {isa = PBXBuildFile; fileRef = A6D5FE48233938F7000E0B91 /* AddTableViewController.swift */; };
		A6D5FE4B2339390A000E0B91 /* AddViewController.swift in Sources */ = {isa = PBXBuildFile; fileRef = A6D5FE4A2339390A000E0B91 /* AddViewController.swift */; };
		A6D5FE4D233A91C8000E0B91 /* AddTableViewCell.swift in Sources */ = {isa = PBXBuildFile; fileRef = A6D5FE4C233A91C8000E0B91 /* AddTableViewCell.swift */; };
		A6D5FE4F233A9367000E0B91 /* TipTableViewCell.swift in Sources */ = {isa = PBXBuildFile; fileRef = A6D5FE4E233A9367000E0B91 /* TipTableViewCell.swift */; };
		A6D5FE51233BE6D5000E0B91 /* LogViewController.swift in Sources */ = {isa = PBXBuildFile; fileRef = A6D5FE50233BE6D5000E0B91 /* LogViewController.swift */; };
/* End PBXBuildFile section */

/* Begin PBXFileReference section */
		A6163AF2233E67F60011BCFE /* Default-568h@2x.png */ = {isa = PBXFileReference; lastKnownFileType = image.png; path = "Default-568h@2x.png"; sourceTree = "<group>"; };
		A6163AF6233E68420011BCFE /* Info.plist */ = {isa = PBXFileReference; fileEncoding = 4; lastKnownFileType = text.plist.xml; path = Info.plist; sourceTree = "<group>"; };
		A6D5FE2023392637000E0B91 /* TipSpliter.app */ = {isa = PBXFileReference; explicitFileType = wrapper.application; includeInIndex = 0; path = TipSpliter.app; sourceTree = BUILT_PRODUCTS_DIR; };
		A6D5FE2323392637000E0B91 /* AppDelegate.swift */ = {isa = PBXFileReference; lastKnownFileType = sourcecode.swift; path = AppDelegate.swift; sourceTree = "<group>"; };
		A6D5FE2823392637000E0B91 /* Base */ = {isa = PBXFileReference; lastKnownFileType = file.storyboard; name = Base; path = Base.lproj/Main.storyboard; sourceTree = "<group>"; };
		A6D5FE2A23392638000E0B91 /* Assets.xcassets */ = {isa = PBXFileReference; lastKnownFileType = folder.assetcatalog; path = Assets.xcassets; sourceTree = "<group>"; };
		A6D5FE2D23392638000E0B91 /* Base */ = {isa = PBXFileReference; lastKnownFileType = file.storyboard; name = Base; path = Base.lproj/LaunchScreen.storyboard; sourceTree = "<group>"; };
		A6D5FE3623393183000E0B91 /* Employee.swift */ = {isa = PBXFileReference; lastKnownFileType = sourcecode.swift; path = Employee.swift; sourceTree = "<group>"; };
		A6D5FE39233931BC000E0B91 /* CalculateViewController.swift */ = {isa = PBXFileReference; lastKnownFileType = sourcecode.swift; path = CalculateViewController.swift; sourceTree = "<group>"; };
		A6D5FE3C233931E7000E0B91 /* EmployeeTableViewController.swift */ = {isa = PBXFileReference; lastKnownFileType = sourcecode.swift; path = EmployeeTableViewController.swift; sourceTree = "<group>"; };
		A6D5FE3E233936C7000E0B91 /* EmployeeController.swift */ = {isa = PBXFileReference; lastKnownFileType = sourcecode.swift; path = EmployeeController.swift; sourceTree = "<group>"; };
		A6D5FE45233938CD000E0B91 /* EmployeeTableViewCell.swift */ = {isa = PBXFileReference; lastKnownFileType = sourcecode.swift; path = EmployeeTableViewCell.swift; sourceTree = "<group>"; };
		A6D5FE48233938F7000E0B91 /* AddTableViewController.swift */ = {isa = PBXFileReference; lastKnownFileType = sourcecode.swift; path = AddTableViewController.swift; sourceTree = "<group>"; };
		A6D5FE4A2339390A000E0B91 /* AddViewController.swift */ = {isa = PBXFileReference; lastKnownFileType = sourcecode.swift; path = AddViewController.swift; sourceTree = "<group>"; };
		A6D5FE4C233A91C8000E0B91 /* AddTableViewCell.swift */ = {isa = PBXFileReference; lastKnownFileType = sourcecode.swift; path = AddTableViewCell.swift; sourceTree = "<group>"; };
		A6D5FE4E233A9367000E0B91 /* TipTableViewCell.swift */ = {isa = PBXFileReference; lastKnownFileType = sourcecode.swift; path = TipTableViewCell.swift; sourceTree = "<group>"; };
		A6D5FE50233BE6D5000E0B91 /* LogViewController.swift */ = {isa = PBXFileReference; lastKnownFileType = sourcecode.swift; path = LogViewController.swift; sourceTree = "<group>"; };
/* End PBXFileReference section */

/* Begin PBXFrameworksBuildPhase section */
		A6D5FE1D23392637000E0B91 /* Frameworks */ = {
			isa = PBXFrameworksBuildPhase;
			buildActionMask = 2147483647;
			files = (
			);
			runOnlyForDeploymentPostprocessing = 0;
		};
/* End PBXFrameworksBuildPhase section */

/* Begin PBXGroup section */
		A6D5FE1723392637000E0B91 = {
			isa = PBXGroup;
			children = (
				A6163AF2233E67F60011BCFE /* Default-568h@2x.png */,
				A6D5FE2223392637000E0B91 /* TipSpliter */,
				A6D5FE2123392637000E0B91 /* Products */,
			);
			sourceTree = "<group>";
		};
		A6D5FE2123392637000E0B91 /* Products */ = {
			isa = PBXGroup;
			children = (
				A6D5FE2023392637000E0B91 /* TipSpliter.app */,
			);
			name = Products;
			sourceTree = "<group>";
		};
		A6D5FE2223392637000E0B91 /* TipSpliter */ = {
			isa = PBXGroup;
			children = (
				A6163AF6233E68420011BCFE /* Info.plist */,
				A6D5FE2323392637000E0B91 /* AppDelegate.swift */,
				A6D5FE2A23392638000E0B91 /* Assets.xcassets */,
				A6D5FE352339314C000E0B91 /* Storyboards */,
				A6D5FE3B233931C6000E0B91 /* View Controllers */,
				A6D5FE47233938D1000E0B91 /* Views */,
				A6D5FE3823393192000E0B91 /* Modals */,
			);
			path = TipSpliter;
			sourceTree = "<group>";
		};
		A6D5FE352339314C000E0B91 /* Storyboards */ = {
			isa = PBXGroup;
			children = (
				A6D5FE2723392637000E0B91 /* Main.storyboard */,
				A6D5FE2C23392638000E0B91 /* LaunchScreen.storyboard */,
			);
			path = Storyboards;
			sourceTree = "<group>";
		};
		A6D5FE3823393192000E0B91 /* Modals */ = {
			isa = PBXGroup;
			children = (
				A6D5FE3623393183000E0B91 /* Employee.swift */,
				A6D5FE3E233936C7000E0B91 /* EmployeeController.swift */,
			);
			path = Modals;
			sourceTree = "<group>";
		};
		A6D5FE3B233931C6000E0B91 /* View Controllers */ = {
			isa = PBXGroup;
			children = (
				A6D5FE3C233931E7000E0B91 /* EmployeeTableViewController.swift */,
				A6D5FE48233938F7000E0B91 /* AddTableViewController.swift */,
				A6D5FE39233931BC000E0B91 /* CalculateViewController.swift */,
				A6D5FE4A2339390A000E0B91 /* AddViewController.swift */,
				A6D5FE50233BE6D5000E0B91 /* LogViewController.swift */,
			);
			path = "View Controllers";
			sourceTree = "<group>";
		};
		A6D5FE47233938D1000E0B91 /* Views */ = {
			isa = PBXGroup;
			children = (
				A6D5FE45233938CD000E0B91 /* EmployeeTableViewCell.swift */,
				A6D5FE4C233A91C8000E0B91 /* AddTableViewCell.swift */,
				A6D5FE4E233A9367000E0B91 /* TipTableViewCell.swift */,
			);
			path = Views;
			sourceTree = "<group>";
		};
/* End PBXGroup section */

/* Begin PBXNativeTarget section */
		A6D5FE1F23392637000E0B91 /* TipSpliter */ = {
			isa = PBXNativeTarget;
			buildConfigurationList = A6D5FE3223392638000E0B91 /* Build configuration list for PBXNativeTarget "TipSpliter" */;
			buildPhases = (
				A6D5FE1C23392637000E0B91 /* Sources */,
				A6D5FE1D23392637000E0B91 /* Frameworks */,
				A6D5FE1E23392637000E0B91 /* Resources */,
			);
			buildRules = (
			);
			dependencies = (
			);
			name = TipSpliter;
			productName = TipSpliter;
			productReference = A6D5FE2023392637000E0B91 /* TipSpliter.app */;
			productType = "com.apple.product-type.application";
		};
/* End PBXNativeTarget section */

/* Begin PBXProject section */
		A6D5FE1823392637000E0B91 /* Project object */ = {
			isa = PBXProject;
			attributes = {
				LastSwiftUpdateCheck = 1030;
				LastUpgradeCheck = 1030;
				ORGANIZATIONNAME = "GIPGIP Studio";
				TargetAttributes = {
					A6D5FE1F23392637000E0B91 = {
						CreatedOnToolsVersion = 10.3;
					};
				};
			};
			buildConfigurationList = A6D5FE1B23392637000E0B91 /* Build configuration list for PBXProject "TipSpliter" */;
			compatibilityVersion = "Xcode 9.3";
			developmentRegion = en;
			hasScannedForEncodings = 0;
			knownRegions = (
				en,
				Base,
			);
			mainGroup = A6D5FE1723392637000E0B91;
			productRefGroup = A6D5FE2123392637000E0B91 /* Products */;
			projectDirPath = "";
			projectRoot = "";
			targets = (
				A6D5FE1F23392637000E0B91 /* TipSpliter */,
			);
		};
/* End PBXProject section */

/* Begin PBXResourcesBuildPhase section */
		A6D5FE1E23392637000E0B91 /* Resources */ = {
			isa = PBXResourcesBuildPhase;
			buildActionMask = 2147483647;
			files = (
				A6D5FE2E23392638000E0B91 /* LaunchScreen.storyboard in Resources */,
				A6163AF3233E67F60011BCFE /* Default-568h@2x.png in Resources */,
				A6D5FE2B23392638000E0B91 /* Assets.xcassets in Resources */,
				A6163AF7233E68420011BCFE /* Info.plist in Resources */,
				A6D5FE2923392637000E0B91 /* Main.storyboard in Resources */,
			);
			runOnlyForDeploymentPostprocessing = 0;
		};
/* End PBXResourcesBuildPhase section */

/* Begin PBXSourcesBuildPhase section */
		A6D5FE1C23392637000E0B91 /* Sources */ = {
			isa = PBXSourcesBuildPhase;
			buildActionMask = 2147483647;
			files = (
				A6D5FE2423392637000E0B91 /* AppDelegate.swift in Sources */,
				A6D5FE46233938CD000E0B91 /* EmployeeTableViewCell.swift in Sources */,
				A6D5FE4B2339390A000E0B91 /* AddViewController.swift in Sources */,
				A6D5FE51233BE6D5000E0B91 /* LogViewController.swift in Sources */,
				A6D5FE4F233A9367000E0B91 /* TipTableViewCell.swift in Sources */,
				A6D5FE3D233931E7000E0B91 /* EmployeeTableViewController.swift in Sources */,
				A6D5FE3723393183000E0B91 /* Employee.swift in Sources */,
				A6D5FE4D233A91C8000E0B91 /* AddTableViewCell.swift in Sources */,
				A6D5FE3F233936C7000E0B91 /* EmployeeController.swift in Sources */,
				A6D5FE3A233931BC000E0B91 /* CalculateViewController.swift in Sources */,
				A6D5FE49233938F7000E0B91 /* AddTableViewController.swift in Sources */,
			);
			runOnlyForDeploymentPostprocessing = 0;
		};
/* End PBXSourcesBuildPhase section */

/* Begin PBXVariantGroup section */
		A6D5FE2723392637000E0B91 /* Main.storyboard */ = {
			isa = PBXVariantGroup;
			children = (
				A6D5FE2823392637000E0B91 /* Base */,
			);
			name = Main.storyboard;
			sourceTree = "<group>";
		};
		A6D5FE2C23392638000E0B91 /* LaunchScreen.storyboard */ = {
			isa = PBXVariantGroup;
			children = (
				A6D5FE2D23392638000E0B91 /* Base */,
			);
			name = LaunchScreen.storyboard;
			sourceTree = "<group>";
		};
/* End PBXVariantGroup section */

/* Begin XCBuildConfiguration section */
		A6D5FE3023392638000E0B91 /* Debug */ = {
			isa = XCBuildConfiguration;
			buildSettings = {
				ALWAYS_SEARCH_USER_PATHS = NO;
				CLANG_ANALYZER_NONNULL = YES;
				CLANG_ANALYZER_NUMBER_OBJECT_CONVERSION = YES_AGGRESSIVE;
				CLANG_CXX_LANGUAGE_STANDARD = "gnu++14";
				CLANG_CXX_LIBRARY = "libc++";
				CLANG_ENABLE_MODULES = YES;
				CLANG_ENABLE_OBJC_ARC = YES;
				CLANG_ENABLE_OBJC_WEAK = YES;
				CLANG_WARN_BLOCK_CAPTURE_AUTORELEASING = YES;
				CLANG_WARN_BOOL_CONVERSION = YES;
				CLANG_WARN_COMMA = YES;
				CLANG_WARN_CONSTANT_CONVERSION = YES;
				CLANG_WARN_DEPRECATED_OBJC_IMPLEMENTATIONS = YES;
				CLANG_WARN_DIRECT_OBJC_ISA_USAGE = YES_ERROR;
				CLANG_WARN_DOCUMENTATION_COMMENTS = YES;
				CLANG_WARN_EMPTY_BODY = YES;
				CLANG_WARN_ENUM_CONVERSION = YES;
				CLANG_WARN_INFINITE_RECURSION = YES;
				CLANG_WARN_INT_CONVERSION = YES;
				CLANG_WARN_NON_LITERAL_NULL_CONVERSION = YES;
				CLANG_WARN_OBJC_IMPLICIT_RETAIN_SELF = YES;
				CLANG_WARN_OBJC_LITERAL_CONVERSION = YES;
				CLANG_WARN_OBJC_ROOT_CLASS = YES_ERROR;
				CLANG_WARN_RANGE_LOOP_ANALYSIS = YES;
				CLANG_WARN_STRICT_PROTOTYPES = YES;
				CLANG_WARN_SUSPICIOUS_MOVE = YES;
				CLANG_WARN_UNGUARDED_AVAILABILITY = YES_AGGRESSIVE;
				CLANG_WARN_UNREACHABLE_CODE = YES;
				CLANG_WARN__DUPLICATE_METHOD_MATCH = YES;
				CODE_SIGN_IDENTITY = "iPhone Developer";
				COPY_PHASE_STRIP = NO;
				DEBUG_INFORMATION_FORMAT = dwarf;
				ENABLE_STRICT_OBJC_MSGSEND = YES;
				ENABLE_TESTABILITY = YES;
				GCC_C_LANGUAGE_STANDARD = gnu11;
				GCC_DYNAMIC_NO_PIC = NO;
				GCC_NO_COMMON_BLOCKS = YES;
				GCC_OPTIMIZATION_LEVEL = 0;
				GCC_PREPROCESSOR_DEFINITIONS = (
					"DEBUG=1",
					"$(inherited)",
				);
				GCC_WARN_64_TO_32_BIT_CONVERSION = YES;
				GCC_WARN_ABOUT_RETURN_TYPE = YES_ERROR;
				GCC_WARN_UNDECLARED_SELECTOR = YES;
				GCC_WARN_UNINITIALIZED_AUTOS = YES_AGGRESSIVE;
				GCC_WARN_UNUSED_FUNCTION = YES;
				GCC_WARN_UNUSED_VARIABLE = YES;
				IPHONEOS_DEPLOYMENT_TARGET = 12.4;
				MTL_ENABLE_DEBUG_INFO = INCLUDE_SOURCE;
				MTL_FAST_MATH = YES;
				ONLY_ACTIVE_ARCH = YES;
				SDKROOT = iphoneos;
				SWIFT_ACTIVE_COMPILATION_CONDITIONS = DEBUG;
				SWIFT_OPTIMIZATION_LEVEL = "-Onone";
			};
			name = Debug;
		};
		A6D5FE3123392638000E0B91 /* Release */ = {
			isa = XCBuildConfiguration;
			buildSettings = {
				ALWAYS_SEARCH_USER_PATHS = NO;
				CLANG_ANALYZER_NONNULL = YES;
				CLANG_ANALYZER_NUMBER_OBJECT_CONVERSION = YES_AGGRESSIVE;
				CLANG_CXX_LANGUAGE_STANDARD = "gnu++14";
				CLANG_CXX_LIBRARY = "libc++";
				CLANG_ENABLE_MODULES = YES;
				CLANG_ENABLE_OBJC_ARC = YES;
				CLANG_ENABLE_OBJC_WEAK = YES;
				CLANG_WARN_BLOCK_CAPTURE_AUTORELEASING = YES;
				CLANG_WARN_BOOL_CONVERSION = YES;
				CLANG_WARN_COMMA = YES;
				CLANG_WARN_CONSTANT_CONVERSION = YES;
				CLANG_WARN_DEPRECATED_OBJC_IMPLEMENTATIONS = YES;
				CLANG_WARN_DIRECT_OBJC_ISA_USAGE = YES_ERROR;
				CLANG_WARN_DOCUMENTATION_COMMENTS = YES;
				CLANG_WARN_EMPTY_BODY = YES;
				CLANG_WARN_ENUM_CONVERSION = YES;
				CLANG_WARN_INFINITE_RECURSION = YES;
				CLANG_WARN_INT_CONVERSION = YES;
				CLANG_WARN_NON_LITERAL_NULL_CONVERSION = YES;
				CLANG_WARN_OBJC_IMPLICIT_RETAIN_SELF = YES;
				CLANG_WARN_OBJC_LITERAL_CONVERSION = YES;
				CLANG_WARN_OBJC_ROOT_CLASS = YES_ERROR;
				CLANG_WARN_RANGE_LOOP_ANALYSIS = YES;
				CLANG_WARN_STRICT_PROTOTYPES = YES;
				CLANG_WARN_SUSPICIOUS_MOVE = YES;
				CLANG_WARN_UNGUARDED_AVAILABILITY = YES_AGGRESSIVE;
				CLANG_WARN_UNREACHABLE_CODE = YES;
				CLANG_WARN__DUPLICATE_METHOD_MATCH = YES;
				CODE_SIGN_IDENTITY = "iPhone Developer";
				COPY_PHASE_STRIP = NO;
				DEBUG_INFORMATION_FORMAT = "dwarf-with-dsym";
				ENABLE_NS_ASSERTIONS = NO;
				ENABLE_STRICT_OBJC_MSGSEND = YES;
				GCC_C_LANGUAGE_STANDARD = gnu11;
				GCC_NO_COMMON_BLOCKS = YES;
				GCC_WARN_64_TO_32_BIT_CONVERSION = YES;
				GCC_WARN_ABOUT_RETURN_TYPE = YES_ERROR;
				GCC_WARN_UNDECLARED_SELECTOR = YES;
				GCC_WARN_UNINITIALIZED_AUTOS = YES_AGGRESSIVE;
				GCC_WARN_UNUSED_FUNCTION = YES;
				GCC_WARN_UNUSED_VARIABLE = YES;
				IPHONEOS_DEPLOYMENT_TARGET = 12.4;
				MTL_ENABLE_DEBUG_INFO = NO;
				MTL_FAST_MATH = YES;
				SDKROOT = iphoneos;
				SWIFT_COMPILATION_MODE = wholemodule;
				SWIFT_OPTIMIZATION_LEVEL = "-O";
				VALIDATE_PRODUCT = YES;
			};
			name = Release;
		};
		A6D5FE3323392638000E0B91 /* Debug */ = {
			isa = XCBuildConfiguration;
			buildSettings = {
				ASSETCATALOG_COMPILER_APPICON_NAME = AppIcon;
				CODE_SIGN_STYLE = Automatic;
				DEVELOPMENT_TEAM = FLZ8CLXX64;
				INFOPLIST_FILE = "$(SRCROOT)/TipSplitter/Info.plist";
				LD_RUNPATH_SEARCH_PATHS = (
					"$(inherited)",
					"@executable_path/Frameworks",
				);
				PRODUCT_BUNDLE_IDENTIFIER = com.GIPGIP.TipSpliter;
				PRODUCT_NAME = "$(TARGET_NAME)";
				SWIFT_VERSION = 5.0;
				TARGETED_DEVICE_FAMILY = "1,2";
			};
			name = Debug;
		};
		A6D5FE3423392638000E0B91 /* Release */ = {
			isa = XCBuildConfiguration;
			buildSettings = {
				ASSETCATALOG_COMPILER_APPICON_NAME = AppIcon;
				CODE_SIGN_STYLE = Automatic;
				DEVELOPMENT_TEAM = FLZ8CLXX64;
				INFOPLIST_FILE = "$(SRCROOT)/TipSplitter/Info.plist";
				LD_RUNPATH_SEARCH_PATHS = (
					"$(inherited)",
					"@executable_path/Frameworks",
				);
				PRODUCT_BUNDLE_IDENTIFIER = com.GIPGIP.TipSpliter;
				PRODUCT_NAME = "$(TARGET_NAME)";
				SWIFT_VERSION = 5.0;
				TARGETED_DEVICE_FAMILY = "1,2";
			};
			name = Release;
		};
/* End XCBuildConfiguration section */

/* Begin XCConfigurationList section */
		A6D5FE1B23392637000E0B91 /* Build configuration list for PBXProject "TipSpliter" */ = {
			isa = XCConfigurationList;
			buildConfigurations = (
				A6D5FE3023392638000E0B91 /* Debug */,
				A6D5FE3123392638000E0B91 /* Release */,
			);
			defaultConfigurationIsVisible = 0;
			defaultConfigurationName = Release;
		};
		A6D5FE3223392638000E0B91 /* Build configuration list for PBXNativeTarget "TipSpliter" */ = {
			isa = XCConfigurationList;
			buildConfigurations = (
				A6D5FE3323392638000E0B91 /* Debug */,
				A6D5FE3423392638000E0B91 /* Release */,
			);
			defaultConfigurationIsVisible = 0;
			defaultConfigurationName = Release;
		};
/* End XCConfigurationList section */
	};
	rootObject = A6D5FE1823392637000E0B91 /* Project object */;
}
